
Microsoft Visual Studio Solution File, Format Version 12.00
# Visual Studio Version 17
VisualStudioVersion = 17.2.32616.157
MinimumVisualStudioVersion = 10.0.40219.1
Project("{FAE04EC0-301F-11D3-BF4B-00C04F79EFBC}") = "XApplication.Android", "XApplication\XApplication.Android\XApplication.Android.csproj", "{CC853ED4-7D0F-4562-B649-0968AAAF99A1}"
EndProject
Project("{9A19103F-16F7-4668-BE54-9A1E7A4F7556}") = "XApplication", "XApplication\XApplication\XApplication.csproj", "{32645B78-E446-4D48-AB6A-EED3CC64A686}"
EndProject
Project("{FAE04EC0-301F-11D3-BF4B-00C04F79EFBC}") = "TestConsole", "TestConsole\TestConsole.csproj", "{37D363ED-C86B-46DA-873D-DB4C17771540}"
EndProject
Global
	GlobalSection(SolutionConfigurationPlatforms) = preSolution
		Debug|Any CPU = Debug|Any CPU
		Release|Any CPU = Release|Any CPU
	EndGlobalSection
	GlobalSection(ProjectConfigurationPlatforms) = postSolution
		{CC853ED4-7D0F-4562-B649-0968AAAF99A1}.Debug|Any CPU.ActiveCfg = Debug|Any CPU
		{CC853ED4-7D0F-4562-B649-0968AAAF99A1}.Debug|Any CPU.Build.0 = Debug|Any CPU
		{CC853ED4-7D0F-4562-B649-0968AAAF99A1}.Debug|Any CPU.Deploy.0 = Debug|Any CPU
		{CC853ED4-7D0F-4562-B649-0968AAAF99A1}.Release|Any CPU.ActiveCfg = Release|Any CPU
		{CC853ED4-7D0F-4562-B649-0968AAAF99A1}.Release|Any CPU.Build.0 = Release|Any CPU
		{CC853ED4-7D0F-4562-B649-0968AAAF99A1}.Release|Any CPU.Deploy.0 = Release|Any CPU
		{32645B78-E446-4D48-AB6A-EED3CC64A686}.Debug|Any CPU.ActiveCfg = Debug|Any CPU
		{32645B78-E446-4D48-AB6A-EED3CC64A686}.Debug|Any CPU.Build.0 = Debug|Any CPU
		{32645B78-E446-4D48-AB6A-EED3CC64A686}.Debug|Any CPU.Deploy.0 = Debug|Any CPU
		{32645B78-E446-4D48-AB6A-EED3CC64A686}.Release|Any CPU.ActiveCfg = Release|Any CPU
		{32645B78-E446-4D48-AB6A-EED3CC64A686}.Release|Any CPU.Build.0 = Release|Any CPU
		{32645B78-E446-4D48-AB6A-EED3CC64A686}.Release|Any CPU.Deploy.0 = Release|Any CPU
		{37D363ED-C86B-46DA-873D-DB4C17771540}.Debug|Any CPU.ActiveCfg = Debug|Any CPU
		{37D363ED-C86B-46DA-873D-DB4C17771540}.Debug|Any CPU.Build.0 = Debug|Any CPU
		{37D363ED-C86B-46DA-873D-DB4C17771540}.Release|Any CPU.ActiveCfg = Release|Any CPU
		{37D363ED-C86B-46DA-873D-DB4C17771540}.Release|Any CPU.Build.0 = Release|Any CPU
	EndGlobalSection
	GlobalSection(SolutionProperties) = preSolution
		HideSolutionNode = FALSE
	EndGlobalSection
	GlobalSection(ExtensibilityGlobals) = postSolution
		SolutionGuid = {7BCFCD56-79B2-4D83-8911-33390FB0ABF3}
	EndGlobalSection
EndGlobal
